
Microsoft Visual Studio Solution File, Format Version 12.00
# Visual Studio Version 17
VisualStudioVersion = 17.14.37012.4 d17.14
MinimumVisualStudioVersion = 10.0.40219.1
Project("{FAE04EC0-301F-11D3-BF4B-00C04F79EFBC}") = "internet", "internet\internet.csproj", "{9C7EA733-B02E-4C26-8E43-19828B7A807F}"
EndProject
Global
	GlobalSection(SolutionConfigurationPlatforms) = preSolution
		Debug|Any CPU = Debug|Any CPU
		Release|Any CPU = Release|Any CPU
	EndGlobalSection
	GlobalSection(ProjectConfigurationPlatforms) = postSolution
		{9C7EA733-B02E-4C26-8E43-19828B7A807F}.Debug|Any CPU.ActiveCfg = Debug|Any CPU
		{9C7EA733-B02E-4C26-8E43-19828B7A807F}.Debug|Any CPU.Build.0 = Debug|Any CPU
		{9C7EA733-B02E-4C26-8E43-19828B7A807F}.Release|Any CPU.ActiveCfg = Release|Any CPU
		{9C7EA733-B02E-4C26-8E43-19828B7A807F}.Release|Any CPU.Build.0 = Release|Any CPU
	EndGlobalSection
	GlobalSection(SolutionProperties) = preSolution
		HideSolutionNode = FALSE
	EndGlobalSection
	GlobalSection(ExtensibilityGlobals) = postSolution
		SolutionGuid = {D8ECB455-DCAE-4EC5-B3F1-4BBA6E7B2AAE}
	EndGlobalSection
EndGlobal
